
Microsoft Visual Studio Solution File, Format Version 12.00
# Visual Studio Version 17
VisualStudioVersion = 17.7.34031.279
MinimumVisualStudioVersion = 10.0.40219.1
Project("{FAE04EC0-301F-11D3-BF4B-00C04F79EFBC}") = "lkm.WebAPI.ToDos", "lkm.WebAPI.ToDos\lkm.WebAPI.ToDos.csproj", "{C157757C-528B-4AAD-911F-22C70834DE22}"
EndProject
Global
	GlobalSection(SolutionConfigurationPlatforms) = preSolution
		Debug|Any CPU = Debug|Any CPU
		Release|Any CPU = Release|Any CPU
	EndGlobalSection
	GlobalSection(ProjectConfigurationPlatforms) = postSolution
		{C157757C-528B-4AAD-911F-22C70834DE22}.Debug|Any CPU.ActiveCfg = Debug|Any CPU
		{C157757C-528B-4AAD-911F-22C70834DE22}.Debug|Any CPU.Build.0 = Debug|Any CPU
		{C157757C-528B-4AAD-911F-22C70834DE22}.Release|Any CPU.ActiveCfg = Release|Any CPU
		{C157757C-528B-4AAD-911F-22C70834DE22}.Release|Any CPU.Build.0 = Release|Any CPU
	EndGlobalSection
	GlobalSection(SolutionProperties) = preSolution
		HideSolutionNode = FALSE
	EndGlobalSection
	GlobalSection(ExtensibilityGlobals) = postSolution
		SolutionGuid = {3AF96F6A-120E-4B76-AD0D-81847290FF79}
	EndGlobalSection
EndGlobal
